// !$*UTF8*$!
{
	archiveVersion = 1;
	classes = {
	};
	objectVersion = 77;
	objects = {

/* Begin PBXBuildFile section */
		005B113E98AB246E2B3E5125 /* StopwatchModel.swift in Sources */ = {isa = PBXBuildFile; fileRef = 87DDCECA12C71C04C30EE05F /* StopwatchModel.swift */; };
		4B65AD4C4938E0F61004CF85 /* StopwatchView.swift in Sources */ = {isa = PBXBuildFile; fileRef = D500EE89DA9B1B9004E26072 /* StopwatchView.swift */; };
		547D880F63534E5307AD2314 /* StopwatchApp.swift in Sources */ = {isa = PBXBuildFile; fileRef = BBD8DEDAA7F1551C556A0411 /* StopwatchApp.swift */; };
		97C6B9A33E541165E7179177 /* TimeFormat.swift in Sources */ = {isa = PBXBuildFile; fileRef = DEE1905885CD739F029CC8B5 /* TimeFormat.swift */; };
		EF54B60D19AA40A19D30A360 /* PreferencesView.swift in Sources */ = {isa = PBXBuildFile; fileRef = C52901981C4B4215AA3129FF /* PreferencesView.swift */; };
		8F21F00509754E59B7BDC68B /* TimerModel.swift in Sources */ = {isa = PBXBuildFile; fileRef = F503A7429360474FBEE15599 /* TimerModel.swift */; };
		6069DB4400F74461AABE870E /* TimerView.swift in Sources */ = {isa = PBXBuildFile; fileRef = 3DB2C3323DF7456C9666F8E1 /* TimerView.swift */; };
		D881F821983C49CAA4EF8489 /* DurationParser.swift in Sources */ = {isa = PBXBuildFile; fileRef = 492BFBAC7CCE4F21AA26A325 /* DurationParser.swift */; };
		17CA336DE31949359F4D489B /* AppDelegate.swift in Sources */ = {isa = PBXBuildFile; fileRef = 473365E1AE7242BA81D37FEB /* AppDelegate.swift */; };
		B4E1E1AAB44C4F0A9F8AE7A0 /* PopoverPanel.swift in Sources */ = {isa = PBXBuildFile; fileRef = A2D7C40FE9F148AE9B23F4C8 /* PopoverPanel.swift */; };
		CD7FF74CB60D4C2CBFEF11A7 /* AppIcon.icns in Resources */ = {isa = PBXBuildFile; fileRef = 7C29276E1918435E96A2A2E2 /* AppIcon.icns */; };
/* End PBXBuildFile section */

/* Begin PBXFileReference section */
		1D71EC4ABEFBA0F979FF30CD /* Stopwatch.app */ = {isa = PBXFileReference; explicitFileType = wrapper.application; includeInIndex = 0; path = Stopwatch.app; sourceTree = BUILT_PRODUCTS_DIR; };
		87DDCECA12C71C04C30EE05F /* StopwatchModel.swift */ = {isa = PBXFileReference; lastKnownFileType = sourcecode.swift; path = StopwatchModel.swift; sourceTree = "<group>"; };
		BBD8DEDAA7F1551C556A0411 /* StopwatchApp.swift */ = {isa = PBXFileReference; lastKnownFileType = sourcecode.swift; path = StopwatchApp.swift; sourceTree = "<group>"; };
		D500EE89DA9B1B9004E26072 /* StopwatchView.swift */ = {isa = PBXFileReference; lastKnownFileType = sourcecode.swift; path = StopwatchView.swift; sourceTree = "<group>"; };
		DEE1905885CD739F029CC8B5 /* TimeFormat.swift */ = {isa = PBXFileReference; lastKnownFileType = sourcecode.swift; path = TimeFormat.swift; sourceTree = "<group>"; };
		C52901981C4B4215AA3129FF /* PreferencesView.swift */ = {isa = PBXFileReference; lastKnownFileType = sourcecode.swift; path = PreferencesView.swift; sourceTree = "<group>"; };
		F503A7429360474FBEE15599 /* TimerModel.swift */ = {isa = PBXFileReference; lastKnownFileType = sourcecode.swift; path = TimerModel.swift; sourceTree = "<group>"; };
		3DB2C3323DF7456C9666F8E1 /* TimerView.swift */ = {isa = PBXFileReference; lastKnownFileType = sourcecode.swift; path = TimerView.swift; sourceTree = "<group>"; };
		492BFBAC7CCE4F21AA26A325 /* DurationParser.swift */ = {isa = PBXFileReference; lastKnownFileType = sourcecode.swift; path = DurationParser.swift; sourceTree = "<group>"; };
		473365E1AE7242BA81D37FEB /* AppDelegate.swift */ = {isa = PBXFileReference; lastKnownFileType = sourcecode.swift; path = AppDelegate.swift; sourceTree = "<group>"; };
		A2D7C40FE9F148AE9B23F4C8 /* PopoverPanel.swift */ = {isa = PBXFileReference; lastKnownFileType = sourcecode.swift; path = PopoverPanel.swift; sourceTree = "<group>"; };
		7C29276E1918435E96A2A2E2 /* AppIcon.icns */ = {isa = PBXFileReference; lastKnownFileType = image.icns; path = AppIcon.icns; sourceTree = "<group>"; };
/* End PBXFileReference section */

/* Begin PBXGroup section */
		2D59224E7209E46A0581E0C3 /* Stopwatch */ = {
			isa = PBXGroup;
			children = (
				BBD8DEDAA7F1551C556A0411 /* StopwatchApp.swift */,
				87DDCECA12C71C04C30EE05F /* StopwatchModel.swift */,
				D500EE89DA9B1B9004E26072 /* StopwatchView.swift */,
				DEE1905885CD739F029CC8B5 /* TimeFormat.swift */,
				C52901981C4B4215AA3129FF /* PreferencesView.swift */,
				F503A7429360474FBEE15599 /* TimerModel.swift */,
				3DB2C3323DF7456C9666F8E1 /* TimerView.swift */,
				492BFBAC7CCE4F21AA26A325 /* DurationParser.swift */,
				473365E1AE7242BA81D37FEB /* AppDelegate.swift */,
				A2D7C40FE9F148AE9B23F4C8 /* PopoverPanel.swift */,
				7C29276E1918435E96A2A2E2 /* AppIcon.icns */,
			);
			path = Stopwatch;
			sourceTree = "<group>";
		};
		7DE87394C294971B12F8A98A /* Products */ = {
			isa = PBXGroup;
			children = (
				1D71EC4ABEFBA0F979FF30CD /* Stopwatch.app */,
			);
			name = Products;
			sourceTree = "<group>";
		};
		C1671778BEFD8F5EE60CCB8C = {
			isa = PBXGroup;
			children = (
				2D59224E7209E46A0581E0C3 /* Stopwatch */,
				7DE87394C294971B12F8A98A /* Products */,
			);
			sourceTree = "<group>";
		};
/* End PBXGroup section */

/* Begin PBXNativeTarget section */
		1670FFA1BBED1AE86E28CAA6 /* Stopwatch */ = {
			isa = PBXNativeTarget;
			buildConfigurationList = 097131B85A6334039CF45FFD /* Build configuration list for PBXNativeTarget "Stopwatch" */;
			buildPhases = (
				4CF2D6D4C5F206E5A9745F26 /* Sources */,
				0B1BF08C0AB74D1CA3E2287A /* Resources */,
			);
			buildRules = (
			);
			dependencies = (
			);
			name = Stopwatch;
			packageProductDependencies = (
			);
			productName = Stopwatch;
			productReference = 1D71EC4ABEFBA0F979FF30CD /* Stopwatch.app */;
			productType = "com.apple.product-type.application";
		};
/* End PBXNativeTarget section */

/* Begin PBXProject section */
		9791FF1EE75E833F03F6E15A /* Project object */ = {
			isa = PBXProject;
			attributes = {
				BuildIndependentTargetsInParallel = YES;
				LastUpgradeCheck = 1430;
				TargetAttributes = {
					1670FFA1BBED1AE86E28CAA6 = {
						ProvisioningStyle = Automatic;
					};
				};
			};
			buildConfigurationList = A419EEC0044FE9BD9D4CD9E7 /* Build configuration list for PBXProject "Stopwatch" */;
			developmentRegion = en;
			hasScannedForEncodings = 0;
			knownRegions = (
				Base,
				en,
			);
			mainGroup = C1671778BEFD8F5EE60CCB8C;
			minimizedProjectReferenceProxies = 1;
			preferredProjectObjectVersion = 77;
			productRefGroup = 7DE87394C294971B12F8A98A /* Products */;
			projectDirPath = "";
			projectRoot = "";
			targets = (
				1670FFA1BBED1AE86E28CAA6 /* Stopwatch */,
			);
		};
/* End PBXProject section */

/* Begin PBXSourcesBuildPhase section */
		4CF2D6D4C5F206E5A9745F26 /* Sources */ = {
			isa = PBXSourcesBuildPhase;
			buildActionMask = 2147483647;
			files = (
				547D880F63534E5307AD2314 /* StopwatchApp.swift in Sources */,
				005B113E98AB246E2B3E5125 /* StopwatchModel.swift in Sources */,
				4B65AD4C4938E0F61004CF85 /* StopwatchView.swift in Sources */,
				97C6B9A33E541165E7179177 /* TimeFormat.swift in Sources */,
				EF54B60D19AA40A19D30A360 /* PreferencesView.swift in Sources */,
				8F21F00509754E59B7BDC68B /* TimerModel.swift in Sources */,
				6069DB4400F74461AABE870E /* TimerView.swift in Sources */,
				D881F821983C49CAA4EF8489 /* DurationParser.swift in Sources */,
				17CA336DE31949359F4D489B /* AppDelegate.swift in Sources */,
				B4E1E1AAB44C4F0A9F8AE7A0 /* PopoverPanel.swift in Sources */,
			);
			runOnlyForDeploymentPostprocessing = 0;
		};
/* End PBXSourcesBuildPhase section */

/* Begin PBXResourcesBuildPhase section */
		0B1BF08C0AB74D1CA3E2287A /* Resources */ = {
			isa = PBXResourcesBuildPhase;
			buildActionMask = 2147483647;
			files = (
				CD7FF74CB60D4C2CBFEF11A7 /* AppIcon.icns in Resources */,
			);
			runOnlyForDeploymentPostprocessing = 0;
		};
/* End PBXResourcesBuildPhase section */

/* Begin XCBuildConfiguration section */
		2A927BC5AF947EE7BFDACF7A /* Debug */ = {
			isa = XCBuildConfiguration;
			buildSettings = {
				ASSETCATALOG_COMPILER_APPICON_NAME = "";
				COMBINE_HIDPI_IMAGES = YES;
				CURRENT_PROJECT_VERSION = 1;
				ENABLE_HARDENED_RUNTIME = YES;
				GENERATE_INFOPLIST_FILE = NO;
				INFOPLIST_FILE = Stopwatch/Info.plist;
				LD_RUNPATH_SEARCH_PATHS = (
					"$(inherited)",
					"@executable_path/../Frameworks",
				);
				MACOSX_DEPLOYMENT_TARGET = 26.0;
				MARKETING_VERSION = 1.0;
				PRODUCT_BUNDLE_IDENTIFIER = com.local.stopwatch;
				PRODUCT_NAME = Stopwatch;
				SDKROOT = macosx;
			};
			name = Debug;
		};
		303BF965CE7639CF0E8DE101 /* Release */ = {
			isa = XCBuildConfiguration;
			buildSettings = {
				ASSETCATALOG_COMPILER_APPICON_NAME = "";
				COMBINE_HIDPI_IMAGES = YES;
				CURRENT_PROJECT_VERSION = 1;
				ENABLE_HARDENED_RUNTIME = YES;
				GENERATE_INFOPLIST_FILE = NO;
				INFOPLIST_FILE = Stopwatch/Info.plist;
				LD_RUNPATH_SEARCH_PATHS = (
					"$(inherited)",
					"@executable_path/../Frameworks",
				);
				MACOSX_DEPLOYMENT_TARGET = 26.0;
				MARKETING_VERSION = 1.0;
				PRODUCT_BUNDLE_IDENTIFIER = com.local.stopwatch;
				PRODUCT_NAME = Stopwatch;
				SDKROOT = macosx;
			};
			name = Release;
		};
		4F71BD2B316E0B716AE6E75B /* Release */ = {
			isa = XCBuildConfiguration;
			buildSettings = {
				ALWAYS_SEARCH_USER_PATHS = NO;
				CLANG_ANALYZER_NONNULL = YES;
				CLANG_ANALYZER_NUMBER_OBJECT_CONVERSION = YES_AGGRESSIVE;
				CLANG_CXX_LANGUAGE_STANDARD = "gnu++14";
				CLANG_CXX_LIBRARY = "libc++";
				CLANG_ENABLE_MODULES = YES;
				CLANG_ENABLE_OBJC_ARC = YES;
				CLANG_ENABLE_OBJC_WEAK = YES;
				CLANG_WARN_BLOCK_CAPTURE_AUTORELEASING = YES;
				CLANG_WARN_BOOL_CONVERSION = YES;
				CLANG_WARN_COMMA = YES;
				CLANG_WARN_CONSTANT_CONVERSION = YES;
				CLANG_WARN_DEPRECATED_OBJC_IMPLEMENTATIONS = YES;
				CLANG_WARN_DIRECT_OBJC_ISA_USAGE = YES_ERROR;
				CLANG_WARN_DOCUMENTATION_COMMENTS = YES;
				CLANG_WARN_EMPTY_BODY = YES;
				CLANG_WARN_ENUM_CONVERSION = YES;
				CLANG_WARN_INFINITE_RECURSION = YES;
				CLANG_WARN_INT_CONVERSION = YES;
				CLANG_WARN_NON_LITERAL_NULL_CONVERSION = YES;
				CLANG_WARN_OBJC_IMPLICIT_RETAIN_SELF = YES;
				CLANG_WARN_OBJC_LITERAL_CONVERSION = YES;
				CLANG_WARN_OBJC_ROOT_CLASS = YES_ERROR;
				CLANG_WARN_QUOTED_INCLUDE_IN_FRAMEWORK_HEADER = YES;
				CLANG_WARN_RANGE_LOOP_ANALYSIS = YES;
				CLANG_WARN_STRICT_PROTOTYPES = YES;
				CLANG_WARN_SUSPICIOUS_MOVE = YES;
				CLANG_WARN_UNGUARDED_AVAILABILITY = YES_AGGRESSIVE;
				CLANG_WARN_UNREACHABLE_CODE = YES;
				CLANG_WARN__DUPLICATE_METHOD_MATCH = YES;
				CODE_SIGN_IDENTITY = "-";
				CODE_SIGN_STYLE = Automatic;
				COPY_PHASE_STRIP = NO;
				DEAD_CODE_STRIPPING = YES;
				DEBUG_INFORMATION_FORMAT = "dwarf-with-dsym";
				ENABLE_NS_ASSERTIONS = NO;
				ENABLE_STRICT_OBJC_MSGSEND = YES;
				ENABLE_USER_SCRIPT_SANDBOXING = YES;
				GCC_C_LANGUAGE_STANDARD = gnu11;
				GCC_NO_COMMON_BLOCKS = YES;
				GCC_WARN_64_TO_32_BIT_CONVERSION = YES;
				GCC_WARN_ABOUT_RETURN_TYPE = YES_ERROR;
				GCC_WARN_UNDECLARED_SELECTOR = YES;
				GCC_WARN_UNINITIALIZED_AUTOS = YES_AGGRESSIVE;
				GCC_WARN_UNUSED_FUNCTION = YES;
				GCC_WARN_UNUSED_VARIABLE = YES;
				MACOSX_DEPLOYMENT_TARGET = 26.0;
				MTL_ENABLE_DEBUG_INFO = NO;
				MTL_FAST_MATH = YES;
				PRODUCT_NAME = "$(TARGET_NAME)";
				SDKROOT = macosx;
				SWIFT_COMPILATION_MODE = wholemodule;
				SWIFT_OPTIMIZATION_LEVEL = "-O";
				SWIFT_VERSION = 6.0;
			};
			name = Release;
		};
		6DCABEF4DBBDA70BD38222AB /* Debug */ = {
			isa = XCBuildConfiguration;
			buildSettings = {
				ALWAYS_SEARCH_USER_PATHS = NO;
				CLANG_ANALYZER_NONNULL = YES;
				CLANG_ANALYZER_NUMBER_OBJECT_CONVERSION = YES_AGGRESSIVE;
				CLANG_CXX_LANGUAGE_STANDARD = "gnu++14";
				CLANG_CXX_LIBRARY = "libc++";
				CLANG_ENABLE_MODULES = YES;
				CLANG_ENABLE_OBJC_ARC = YES;
				CLANG_ENABLE_OBJC_WEAK = YES;
				CLANG_WARN_BLOCK_CAPTURE_AUTORELEASING = YES;
				CLANG_WARN_BOOL_CONVERSION = YES;
				CLANG_WARN_COMMA = YES;
				CLANG_WARN_CONSTANT_CONVERSION = YES;
				CLANG_WARN_DEPRECATED_OBJC_IMPLEMENTATIONS = YES;
				CLANG_WARN_DIRECT_OBJC_ISA_USAGE = YES_ERROR;
				CLANG_WARN_DOCUMENTATION_COMMENTS = YES;
				CLANG_WARN_EMPTY_BODY = YES;
				CLANG_WARN_ENUM_CONVERSION = YES;
				CLANG_WARN_INFINITE_RECURSION = YES;
				CLANG_WARN_INT_CONVERSION = YES;
				CLANG_WARN_NON_LITERAL_NULL_CONVERSION = YES;
				CLANG_WARN_OBJC_IMPLICIT_RETAIN_SELF = YES;
				CLANG_WARN_OBJC_LITERAL_CONVERSION = YES;
				CLANG_WARN_OBJC_ROOT_CLASS = YES_ERROR;
				CLANG_WARN_QUOTED_INCLUDE_IN_FRAMEWORK_HEADER = YES;
				CLANG_WARN_RANGE_LOOP_ANALYSIS = YES;
				CLANG_WARN_STRICT_PROTOTYPES = YES;
				CLANG_WARN_SUSPICIOUS_MOVE = YES;
				CLANG_WARN_UNGUARDED_AVAILABILITY = YES_AGGRESSIVE;
				CLANG_WARN_UNREACHABLE_CODE = YES;
				CLANG_WARN__DUPLICATE_METHOD_MATCH = YES;
				CODE_SIGN_IDENTITY = "-";
				CODE_SIGN_STYLE = Automatic;
				COPY_PHASE_STRIP = NO;
				DEAD_CODE_STRIPPING = YES;
				DEBUG_INFORMATION_FORMAT = dwarf;
				ENABLE_STRICT_OBJC_MSGSEND = YES;
				ENABLE_TESTABILITY = YES;
				ENABLE_USER_SCRIPT_SANDBOXING = YES;
				GCC_C_LANGUAGE_STANDARD = gnu11;
				GCC_DYNAMIC_NO_PIC = NO;
				GCC_NO_COMMON_BLOCKS = YES;
				GCC_OPTIMIZATION_LEVEL = 0;
				GCC_PREPROCESSOR_DEFINITIONS = (
					"$(inherited)",
					"DEBUG=1",
				);
				GCC_WARN_64_TO_32_BIT_CONVERSION = YES;
				GCC_WARN_ABOUT_RETURN_TYPE = YES_ERROR;
				GCC_WARN_UNDECLARED_SELECTOR = YES;
				GCC_WARN_UNINITIALIZED_AUTOS = YES_AGGRESSIVE;
				GCC_WARN_UNUSED_FUNCTION = YES;
				GCC_WARN_UNUSED_VARIABLE = YES;
				MACOSX_DEPLOYMENT_TARGET = 26.0;
				MTL_ENABLE_DEBUG_INFO = INCLUDE_SOURCE;
				MTL_FAST_MATH = YES;
				ONLY_ACTIVE_ARCH = YES;
				PRODUCT_NAME = "$(TARGET_NAME)";
				SDKROOT = macosx;
				SWIFT_ACTIVE_COMPILATION_CONDITIONS = DEBUG;
				SWIFT_OPTIMIZATION_LEVEL = "-Onone";
				SWIFT_VERSION = 6.0;
			};
			name = Debug;
		};
/* End XCBuildConfiguration section */

/* Begin XCConfigurationList section */
		097131B85A6334039CF45FFD /* Build configuration list for PBXNativeTarget "Stopwatch" */ = {
			isa = XCConfigurationList;
			buildConfigurations = (
				2A927BC5AF947EE7BFDACF7A /* Debug */,
				303BF965CE7639CF0E8DE101 /* Release */,
			);
			defaultConfigurationIsVisible = 0;
			defaultConfigurationName = Debug;
		};
		A419EEC0044FE9BD9D4CD9E7 /* Build configuration list for PBXProject "Stopwatch" */ = {
			isa = XCConfigurationList;
			buildConfigurations = (
				6DCABEF4DBBDA70BD38222AB /* Debug */,
				4F71BD2B316E0B716AE6E75B /* Release */,
			);
			defaultConfigurationIsVisible = 0;
			defaultConfigurationName = Debug;
		};
/* End XCConfigurationList section */
	};
	rootObject = 9791FF1EE75E833F03F6E15A /* Project object */;
}
